// !$*UTF8*$!
{
	archiveVersion = 1;
	classes = {
	};
	objectVersion = 46;
	objects = {

/* Begin PBXBuildFile section */
		A3A95CFE1C7B41A0009E7DD6 /* AppDelegate.swift in Sources */ = {isa = PBXBuildFile; fileRef = A3A95CFD1C7B41A0009E7DD6 /* AppDelegate.swift */; };
		A3A95D001C7B41A0009E7DD6 /* ViewController.swift in Sources */ = {isa = PBXBuildFile; fileRef = A3A95CFF1C7B41A0009E7DD6 /* ViewController.swift */; };
		A3A95D031C7B41A0009E7DD6 /* Main.storyboard in Resources */ = {isa = PBXBuildFile; fileRef = A3A95D011C7B41A0009E7DD6 /* Main.storyboard */; };
		A3A95D051C7B41A0009E7DD6 /* Assets.xcassets in Resources */ = {isa = PBXBuildFile; fileRef = A3A95D041C7B41A0009E7DD6 /* Assets.xcassets */; };
		A3A95D081C7B41A0009E7DD6 /* LaunchScreen.storyboard in Resources */ = {isa = PBXBuildFile; fileRef = A3A95D061C7B41A0009E7DD6 /* LaunchScreen.storyboard */; };
		A3A95D131C7B41A0009E7DD6 /* LeetCodeHelper.swift in Sources */ = {isa = PBXBuildFile; fileRef = A3A95D121C7B41A0009E7DD6 /* LeetCodeHelper.swift */; };
		A3A95D221C7B469E009E7DD6 /* NimGame_E292.swift in Sources */ = {isa = PBXBuildFile; fileRef = A3A95D211C7B469E009E7DD6 /* NimGame_E292.swift */; };
		A3A95D271C7B4861009E7DD6 /* NimGame_E292_Test.swift in Sources */ = {isa = PBXBuildFile; fileRef = A3A95D261C7B4861009E7DD6 /* NimGame_E292_Test.swift */; };
		A3A95D291C7B54AB009E7DD6 /* MoveZeroes_E283.swift in Sources */ = {isa = PBXBuildFile; fileRef = A3A95D281C7B54AB009E7DD6 /* MoveZeroes_E283.swift */; };
		A3A95D2B1C7B552F009E7DD6 /* MoveZeroes_E283_Test.swift in Sources */ = {isa = PBXBuildFile; fileRef = A3A95D2A1C7B552F009E7DD6 /* MoveZeroes_E283_Test.swift */; };
		A3A95D2D1C7B5DEC009E7DD6 /* UglyNumber_E263.swift in Sources */ = {isa = PBXBuildFile; fileRef = A3A95D2C1C7B5DEC009E7DD6 /* UglyNumber_E263.swift */; };
		A3A95D2F1C7B5E67009E7DD6 /* UglyNumber_E263_Test.swift in Sources */ = {isa = PBXBuildFile; fileRef = A3A95D2E1C7B5E67009E7DD6 /* UglyNumber_E263_Test.swift */; };
		A3A95D311C7BD70A009E7DD6 /* ValidAnagram_E242.swift in Sources */ = {isa = PBXBuildFile; fileRef = A3A95D301C7BD70A009E7DD6 /* ValidAnagram_E242.swift */; };
		A3A95D331C7BD781009E7DD6 /* ValidAnagram_E242_Test.swift in Sources */ = {isa = PBXBuildFile; fileRef = A3A95D321C7BD781009E7DD6 /* ValidAnagram_E242_Test.swift */; };
		A3A95D351C7C2F29009E7DD6 /* ExcelSheetColumnTitle_E168.swift in Sources */ = {isa = PBXBuildFile; fileRef = A3A95D341C7C2F29009E7DD6 /* ExcelSheetColumnTitle_E168.swift */; };
		A3A95D371C7C39B3009E7DD6 /* ExcelSheetColumnTitle_E168_Test.swift in Sources */ = {isa = PBXBuildFile; fileRef = A3A95D361C7C39B3009E7DD6 /* ExcelSheetColumnTitle_E168_Test.swift */; };
		A3A95D3D1C7D50FF009E7DD6 /* BinaryTreePreorderTraversal_M144.swift in Sources */ = {isa = PBXBuildFile; fileRef = A3A95D3C1C7D50FF009E7DD6 /* BinaryTreePreorderTraversal_M144.swift */; };
		A3A95D3F1C7D5120009E7DD6 /* BinaryTreePreorderTraversal_M144_Test.swift in Sources */ = {isa = PBXBuildFile; fileRef = A3A95D3E1C7D5120009E7DD6 /* BinaryTreePreorderTraversal_M144_Test.swift */; };
		A3A95D411C7D571F009E7DD6 /* TreeNode.swift in Sources */ = {isa = PBXBuildFile; fileRef = A3A95D401C7D571F009E7DD6 /* TreeNode.swift */; };
		A3A95D431C7D5737009E7DD6 /* Stack.swift in Sources */ = {isa = PBXBuildFile; fileRef = A3A95D421C7D5737009E7DD6 /* Stack.swift */; };
		A3A95D451C7D576F009E7DD6 /* BinaryTreeInorderTraversal_M94.swift in Sources */ = {isa = PBXBuildFile; fileRef = A3A95D441C7D576F009E7DD6 /* BinaryTreeInorderTraversal_M94.swift */; };
		A3A95D471C7D67FD009E7DD6 /* BinaryTreeInorderTraversal_M94_Test.swift in Sources */ = {isa = PBXBuildFile; fileRef = A3A95D461C7D67FD009E7DD6 /* BinaryTreeInorderTraversal_M94_Test.swift */; };
		A3A95D4D1C7D8553009E7DD6 /* BinaryTreePostorderTraversal_H145_Test.swift in Sources */ = {isa = PBXBuildFile; fileRef = A3A95D4C1C7D8553009E7DD6 /* BinaryTreePostorderTraversal_H145_Test.swift */; };
		A3A95D4F1C7D857F009E7DD6 /* BinaryTreePostorderTraversal_H145.swift in Sources */ = {isa = PBXBuildFile; fileRef = A3A95D4E1C7D857F009E7DD6 /* BinaryTreePostorderTraversal_H145.swift */; };
		A3A95D511C7D89D2009E7DD6 /* SameTree_E100.swift in Sources */ = {isa = PBXBuildFile; fileRef = A3A95D501C7D89D2009E7DD6 /* SameTree_E100.swift */; };
		A3A95D531C7D8A62009E7DD6 /* SameTree_E100_Test.swift in Sources */ = {isa = PBXBuildFile; fileRef = A3A95D521C7D8A62009E7DD6 /* SameTree_E100_Test.swift */; };
		A3A95D551C7DB183009E7DD6 /* CountPrimes_E204.swift in Sources */ = {isa = PBXBuildFile; fileRef = A3A95D541C7DB183009E7DD6 /* CountPrimes_E204.swift */; };
		A3A95D571C7DB4CD009E7DD6 /* CountPrimes_E204_Test.swift in Sources */ = {isa = PBXBuildFile; fileRef = A3A95D561C7DB4CD009E7DD6 /* CountPrimes_E204_Test.swift */; };
/* End PBXBuildFile section */

/* Begin PBXContainerItemProxy section */
		A3A95D0F1C7B41A0009E7DD6 /* PBXContainerItemProxy */ = {
			isa = PBXContainerItemProxy;
			containerPortal = A3A95CF21C7B419F009E7DD6 /* Project object */;
			proxyType = 1;
			remoteGlobalIDString = A3A95CF91C7B41A0009E7DD6;
			remoteInfo = "LeetCode-Swift";
		};
/* End PBXContainerItemProxy section */

/* Begin PBXFileReference section */
		A3A95CFA1C7B41A0009E7DD6 /* LeetCode-Swift.app */ = {isa = PBXFileReference; explicitFileType = wrapper.application; includeInIndex = 0; path = "LeetCode-Swift.app"; sourceTree = BUILT_PRODUCTS_DIR; };
		A3A95CFD1C7B41A0009E7DD6 /* AppDelegate.swift */ = {isa = PBXFileReference; lastKnownFileType = sourcecode.swift; path = AppDelegate.swift; sourceTree = "<group>"; };
		A3A95CFF1C7B41A0009E7DD6 /* ViewController.swift */ = {isa = PBXFileReference; lastKnownFileType = sourcecode.swift; path = ViewController.swift; sourceTree = "<group>"; };
		A3A95D021C7B41A0009E7DD6 /* Base */ = {isa = PBXFileReference; lastKnownFileType = file.storyboard; name = Base; path = Base.lproj/Main.storyboard; sourceTree = "<group>"; };
		A3A95D041C7B41A0009E7DD6 /* Assets.xcassets */ = {isa = PBXFileReference; lastKnownFileType = folder.assetcatalog; path = Assets.xcassets; sourceTree = "<group>"; };
		A3A95D071C7B41A0009E7DD6 /* Base */ = {isa = PBXFileReference; lastKnownFileType = file.storyboard; name = Base; path = Base.lproj/LaunchScreen.storyboard; sourceTree = "<group>"; };
		A3A95D091C7B41A0009E7DD6 /* Info.plist */ = {isa = PBXFileReference; lastKnownFileType = text.plist.xml; path = Info.plist; sourceTree = "<group>"; };
		A3A95D0E1C7B41A0009E7DD6 /* LeetCode-SwiftTests.xctest */ = {isa = PBXFileReference; explicitFileType = wrapper.cfbundle; includeInIndex = 0; path = "LeetCode-SwiftTests.xctest"; sourceTree = BUILT_PRODUCTS_DIR; };
		A3A95D121C7B41A0009E7DD6 /* LeetCodeHelper.swift */ = {isa = PBXFileReference; lastKnownFileType = sourcecode.swift; path = LeetCodeHelper.swift; sourceTree = "<group>"; };
		A3A95D141C7B41A0009E7DD6 /* Info.plist */ = {isa = PBXFileReference; lastKnownFileType = text.plist.xml; path = Info.plist; sourceTree = "<group>"; };
		A3A95D211C7B469E009E7DD6 /* NimGame_E292.swift */ = {isa = PBXFileReference; fileEncoding = 4; lastKnownFileType = sourcecode.swift; path = NimGame_E292.swift; sourceTree = "<group>"; };
		A3A95D261C7B4861009E7DD6 /* NimGame_E292_Test.swift */ = {isa = PBXFileReference; fileEncoding = 4; lastKnownFileType = sourcecode.swift; path = NimGame_E292_Test.swift; sourceTree = "<group>"; };
		A3A95D281C7B54AB009E7DD6 /* MoveZeroes_E283.swift */ = {isa = PBXFileReference; fileEncoding = 4; lastKnownFileType = sourcecode.swift; path = MoveZeroes_E283.swift; sourceTree = "<group>"; };
		A3A95D2A1C7B552F009E7DD6 /* MoveZeroes_E283_Test.swift */ = {isa = PBXFileReference; fileEncoding = 4; lastKnownFileType = sourcecode.swift; path = MoveZeroes_E283_Test.swift; sourceTree = "<group>"; };
		A3A95D2C1C7B5DEC009E7DD6 /* UglyNumber_E263.swift */ = {isa = PBXFileReference; fileEncoding = 4; lastKnownFileType = sourcecode.swift; path = UglyNumber_E263.swift; sourceTree = "<group>"; };
		A3A95D2E1C7B5E67009E7DD6 /* UglyNumber_E263_Test.swift */ = {isa = PBXFileReference; fileEncoding = 4; lastKnownFileType = sourcecode.swift; path = UglyNumber_E263_Test.swift; sourceTree = "<group>"; };
		A3A95D301C7BD70A009E7DD6 /* ValidAnagram_E242.swift */ = {isa = PBXFileReference; fileEncoding = 4; lastKnownFileType = sourcecode.swift; path = ValidAnagram_E242.swift; sourceTree = "<group>"; };
		A3A95D321C7BD781009E7DD6 /* ValidAnagram_E242_Test.swift */ = {isa = PBXFileReference; fileEncoding = 4; lastKnownFileType = sourcecode.swift; path = ValidAnagram_E242_Test.swift; sourceTree = "<group>"; };
		A3A95D341C7C2F29009E7DD6 /* ExcelSheetColumnTitle_E168.swift */ = {isa = PBXFileReference; fileEncoding = 4; lastKnownFileType = sourcecode.swift; path = ExcelSheetColumnTitle_E168.swift; sourceTree = "<group>"; };
		A3A95D361C7C39B3009E7DD6 /* ExcelSheetColumnTitle_E168_Test.swift */ = {isa = PBXFileReference; fileEncoding = 4; lastKnownFileType = sourcecode.swift; path = ExcelSheetColumnTitle_E168_Test.swift; sourceTree = "<group>"; };
		A3A95D3C1C7D50FF009E7DD6 /* BinaryTreePreorderTraversal_M144.swift */ = {isa = PBXFileReference; fileEncoding = 4; lastKnownFileType = sourcecode.swift; path = BinaryTreePreorderTraversal_M144.swift; sourceTree = "<group>"; };
		A3A95D3E1C7D5120009E7DD6 /* BinaryTreePreorderTraversal_M144_Test.swift */ = {isa = PBXFileReference; fileEncoding = 4; lastKnownFileType = sourcecode.swift; path = BinaryTreePreorderTraversal_M144_Test.swift; sourceTree = "<group>"; };
		A3A95D401C7D571F009E7DD6 /* TreeNode.swift */ = {isa = PBXFileReference; fileEncoding = 4; lastKnownFileType = sourcecode.swift; path = TreeNode.swift; sourceTree = "<group>"; };
		A3A95D421C7D5737009E7DD6 /* Stack.swift */ = {isa = PBXFileReference; fileEncoding = 4; lastKnownFileType = sourcecode.swift; path = Stack.swift; sourceTree = "<group>"; };
		A3A95D441C7D576F009E7DD6 /* BinaryTreeInorderTraversal_M94.swift */ = {isa = PBXFileReference; fileEncoding = 4; lastKnownFileType = sourcecode.swift; path = BinaryTreeInorderTraversal_M94.swift; sourceTree = "<group>"; };
		A3A95D461C7D67FD009E7DD6 /* BinaryTreeInorderTraversal_M94_Test.swift */ = {isa = PBXFileReference; fileEncoding = 4; lastKnownFileType = sourcecode.swift; path = BinaryTreeInorderTraversal_M94_Test.swift; sourceTree = "<group>"; };
		A3A95D4C1C7D8553009E7DD6 /* BinaryTreePostorderTraversal_H145_Test.swift */ = {isa = PBXFileReference; fileEncoding = 4; lastKnownFileType = sourcecode.swift; path = BinaryTreePostorderTraversal_H145_Test.swift; sourceTree = "<group>"; };
		A3A95D4E1C7D857F009E7DD6 /* BinaryTreePostorderTraversal_H145.swift */ = {isa = PBXFileReference; fileEncoding = 4; lastKnownFileType = sourcecode.swift; path = BinaryTreePostorderTraversal_H145.swift; sourceTree = "<group>"; };
		A3A95D501C7D89D2009E7DD6 /* SameTree_E100.swift */ = {isa = PBXFileReference; fileEncoding = 4; lastKnownFileType = sourcecode.swift; path = SameTree_E100.swift; sourceTree = "<group>"; };
		A3A95D521C7D8A62009E7DD6 /* SameTree_E100_Test.swift */ = {isa = PBXFileReference; fileEncoding = 4; lastKnownFileType = sourcecode.swift; path = SameTree_E100_Test.swift; sourceTree = "<group>"; };
		A3A95D541C7DB183009E7DD6 /* CountPrimes_E204.swift */ = {isa = PBXFileReference; fileEncoding = 4; lastKnownFileType = sourcecode.swift; path = CountPrimes_E204.swift; sourceTree = "<group>"; };
		A3A95D561C7DB4CD009E7DD6 /* CountPrimes_E204_Test.swift */ = {isa = PBXFileReference; fileEncoding = 4; lastKnownFileType = sourcecode.swift; path = CountPrimes_E204_Test.swift; sourceTree = "<group>"; };
/* End PBXFileReference section */

/* Begin PBXFrameworksBuildPhase section */
		A3A95CF71C7B41A0009E7DD6 /* Frameworks */ = {
			isa = PBXFrameworksBuildPhase;
			buildActionMask = 2147483647;
			files = (
			);
			runOnlyForDeploymentPostprocessing = 0;
		};
		A3A95D0B1C7B41A0009E7DD6 /* Frameworks */ = {
			isa = PBXFrameworksBuildPhase;
			buildActionMask = 2147483647;
			files = (
			);
			runOnlyForDeploymentPostprocessing = 0;
		};
/* End PBXFrameworksBuildPhase section */

/* Begin PBXGroup section */
		A3A95CF11C7B419F009E7DD6 = {
			isa = PBXGroup;
			children = (
				A3A95CFC1C7B41A0009E7DD6 /* LeetCode-Swift */,
				A3A95D111C7B41A0009E7DD6 /* LeetCode-SwiftTests */,
				A3A95CFB1C7B41A0009E7DD6 /* Products */,
			);
			sourceTree = "<group>";
		};
		A3A95CFB1C7B41A0009E7DD6 /* Products */ = {
			isa = PBXGroup;
			children = (
				A3A95CFA1C7B41A0009E7DD6 /* LeetCode-Swift.app */,
				A3A95D0E1C7B41A0009E7DD6 /* LeetCode-SwiftTests.xctest */,
			);
			name = Products;
			sourceTree = "<group>";
		};
		A3A95CFC1C7B41A0009E7DD6 /* LeetCode-Swift */ = {
			isa = PBXGroup;
			children = (
				A3A95D1D1C7B4626009E7DD6 /* Solution */,
				A3A95CFD1C7B41A0009E7DD6 /* AppDelegate.swift */,
				A3A95CFF1C7B41A0009E7DD6 /* ViewController.swift */,
				A3A95D011C7B41A0009E7DD6 /* Main.storyboard */,
				A3A95D041C7B41A0009E7DD6 /* Assets.xcassets */,
				A3A95D061C7B41A0009E7DD6 /* LaunchScreen.storyboard */,
				A3A95D091C7B41A0009E7DD6 /* Info.plist */,
			);
			path = "LeetCode-Swift";
			sourceTree = "<group>";
		};
		A3A95D111C7B41A0009E7DD6 /* LeetCode-SwiftTests */ = {
			isa = PBXGroup;
			children = (
				A3A95D121C7B41A0009E7DD6 /* LeetCodeHelper.swift */,
				A3A95D231C7B47B2009E7DD6 /* Easy */,
				A3A95D251C7B47B2009E7DD6 /* Medium */,
				A3A95D241C7B47B2009E7DD6 /* Hard */,
				A3A95D141C7B41A0009E7DD6 /* Info.plist */,
			);
			path = "LeetCode-SwiftTests";
			sourceTree = "<group>";
		};
		A3A95D1D1C7B4626009E7DD6 /* Solution */ = {
			isa = PBXGroup;
			children = (
				A3A95D1E1C7B4626009E7DD6 /* Easy */,
				A3A95D201C7B4626009E7DD6 /* Medium */,
				A3A95D1F1C7B4626009E7DD6 /* Hard */,
				A3A95D401C7D571F009E7DD6 /* TreeNode.swift */,
				A3A95D421C7D5737009E7DD6 /* Stack.swift */,
			);
			path = Solution;
			sourceTree = "<group>";
		};
		A3A95D1E1C7B4626009E7DD6 /* Easy */ = {
			isa = PBXGroup;
			children = (
				A3A95D211C7B469E009E7DD6 /* NimGame_E292.swift */,
				A3A95D281C7B54AB009E7DD6 /* MoveZeroes_E283.swift */,
				A3A95D2C1C7B5DEC009E7DD6 /* UglyNumber_E263.swift */,
				A3A95D301C7BD70A009E7DD6 /* ValidAnagram_E242.swift */,
				A3A95D341C7C2F29009E7DD6 /* ExcelSheetColumnTitle_E168.swift */,
				A3A95D501C7D89D2009E7DD6 /* SameTree_E100.swift */,
				A3A95D541C7DB183009E7DD6 /* CountPrimes_E204.swift */,
			);
			path = Easy;
			sourceTree = "<group>";
		};
		A3A95D1F1C7B4626009E7DD6 /* Hard */ = {
			isa = PBXGroup;
			children = (
				A3A95D4E1C7D857F009E7DD6 /* BinaryTreePostorderTraversal_H145.swift */,
			);
			path = Hard;
			sourceTree = "<group>";
		};
		A3A95D201C7B4626009E7DD6 /* Medium */ = {
			isa = PBXGroup;
			children = (
				A3A95D3C1C7D50FF009E7DD6 /* BinaryTreePreorderTraversal_M144.swift */,
				A3A95D441C7D576F009E7DD6 /* BinaryTreeInorderTraversal_M94.swift */,
			);
			path = Medium;
			sourceTree = "<group>";
		};
		A3A95D231C7B47B2009E7DD6 /* Easy */ = {
			isa = PBXGroup;
			children = (
				A3A95D261C7B4861009E7DD6 /* NimGame_E292_Test.swift */,
				A3A95D2A1C7B552F009E7DD6 /* MoveZeroes_E283_Test.swift */,
				A3A95D2E1C7B5E67009E7DD6 /* UglyNumber_E263_Test.swift */,
				A3A95D321C7BD781009E7DD6 /* ValidAnagram_E242_Test.swift */,
				A3A95D361C7C39B3009E7DD6 /* ExcelSheetColumnTitle_E168_Test.swift */,
				A3A95D521C7D8A62009E7DD6 /* SameTree_E100_Test.swift */,
				A3A95D561C7DB4CD009E7DD6 /* CountPrimes_E204_Test.swift */,
			);
			path = Easy;
			sourceTree = "<group>";
		};
		A3A95D241C7B47B2009E7DD6 /* Hard */ = {
			isa = PBXGroup;
			children = (
				A3A95D4C1C7D8553009E7DD6 /* BinaryTreePostorderTraversal_H145_Test.swift */,
			);
			path = Hard;
			sourceTree = "<group>";
		};
		A3A95D251C7B47B2009E7DD6 /* Medium */ = {
			isa = PBXGroup;
			children = (
				A3A95D3E1C7D5120009E7DD6 /* BinaryTreePreorderTraversal_M144_Test.swift */,
				A3A95D461C7D67FD009E7DD6 /* BinaryTreeInorderTraversal_M94_Test.swift */,
			);
			path = Medium;
			sourceTree = "<group>";
		};
/* End PBXGroup section */

/* Begin PBXNativeTarget section */
		A3A95CF91C7B41A0009E7DD6 /* LeetCode-Swift */ = {
			isa = PBXNativeTarget;
			buildConfigurationList = A3A95D171C7B41A0009E7DD6 /* Build configuration list for PBXNativeTarget "LeetCode-Swift" */;
			buildPhases = (
				A3A95CF61C7B41A0009E7DD6 /* Sources */,
				A3A95CF71C7B41A0009E7DD6 /* Frameworks */,
				A3A95CF81C7B41A0009E7DD6 /* Resources */,
			);
			buildRules = (
			);
			dependencies = (
			);
			name = "LeetCode-Swift";
			productName = "LeetCode-Swift";
			productReference = A3A95CFA1C7B41A0009E7DD6 /* LeetCode-Swift.app */;
			productType = "com.apple.product-type.application";
		};
		A3A95D0D1C7B41A0009E7DD6 /* LeetCode-SwiftTests */ = {
			isa = PBXNativeTarget;
			buildConfigurationList = A3A95D1A1C7B41A0009E7DD6 /* Build configuration list for PBXNativeTarget "LeetCode-SwiftTests" */;
			buildPhases = (
				A3A95D0A1C7B41A0009E7DD6 /* Sources */,
				A3A95D0B1C7B41A0009E7DD6 /* Frameworks */,
				A3A95D0C1C7B41A0009E7DD6 /* Resources */,
			);
			buildRules = (
			);
			dependencies = (
				A3A95D101C7B41A0009E7DD6 /* PBXTargetDependency */,
			);
			name = "LeetCode-SwiftTests";
			productName = "LeetCode-SwiftTests";
			productReference = A3A95D0E1C7B41A0009E7DD6 /* LeetCode-SwiftTests.xctest */;
			productType = "com.apple.product-type.bundle.unit-test";
		};
/* End PBXNativeTarget section */

/* Begin PBXProject section */
		A3A95CF21C7B419F009E7DD6 /* Project object */ = {
			isa = PBXProject;
			attributes = {
				LastSwiftUpdateCheck = 0720;
				LastUpgradeCheck = 0720;
				ORGANIZATIONNAME = lincode;
				TargetAttributes = {
					A3A95CF91C7B41A0009E7DD6 = {
						CreatedOnToolsVersion = 7.2.1;
					};
					A3A95D0D1C7B41A0009E7DD6 = {
						CreatedOnToolsVersion = 7.2.1;
						TestTargetID = A3A95CF91C7B41A0009E7DD6;
					};
				};
			};
			buildConfigurationList = A3A95CF51C7B419F009E7DD6 /* Build configuration list for PBXProject "LeetCode-Swift" */;
			compatibilityVersion = "Xcode 3.2";
			developmentRegion = English;
			hasScannedForEncodings = 0;
			knownRegions = (
				en,
				Base,
			);
			mainGroup = A3A95CF11C7B419F009E7DD6;
			productRefGroup = A3A95CFB1C7B41A0009E7DD6 /* Products */;
			projectDirPath = "";
			projectRoot = "";
			targets = (
				A3A95CF91C7B41A0009E7DD6 /* LeetCode-Swift */,
				A3A95D0D1C7B41A0009E7DD6 /* LeetCode-SwiftTests */,
			);
		};
/* End PBXProject section */

/* Begin PBXResourcesBuildPhase section */
		A3A95CF81C7B41A0009E7DD6 /* Resources */ = {
			isa = PBXResourcesBuildPhase;
			buildActionMask = 2147483647;
			files = (
				A3A95D081C7B41A0009E7DD6 /* LaunchScreen.storyboard in Resources */,
				A3A95D051C7B41A0009E7DD6 /* Assets.xcassets in Resources */,
				A3A95D031C7B41A0009E7DD6 /* Main.storyboard in Resources */,
			);
			runOnlyForDeploymentPostprocessing = 0;
		};
		A3A95D0C1C7B41A0009E7DD6 /* Resources */ = {
			isa = PBXResourcesBuildPhase;
			buildActionMask = 2147483647;
			files = (
			);
			runOnlyForDeploymentPostprocessing = 0;
		};
/* End PBXResourcesBuildPhase section */

/* Begin PBXSourcesBuildPhase section */
		A3A95CF61C7B41A0009E7DD6 /* Sources */ = {
			isa = PBXSourcesBuildPhase;
			buildActionMask = 2147483647;
			files = (
				A3A95D291C7B54AB009E7DD6 /* MoveZeroes_E283.swift in Sources */,
				A3A95D551C7DB183009E7DD6 /* CountPrimes_E204.swift in Sources */,
				A3A95D221C7B469E009E7DD6 /* NimGame_E292.swift in Sources */,
				A3A95D511C7D89D2009E7DD6 /* SameTree_E100.swift in Sources */,
				A3A95D411C7D571F009E7DD6 /* TreeNode.swift in Sources */,
				A3A95D3D1C7D50FF009E7DD6 /* BinaryTreePreorderTraversal_M144.swift in Sources */,
				A3A95D001C7B41A0009E7DD6 /* ViewController.swift in Sources */,
				A3A95D2D1C7B5DEC009E7DD6 /* UglyNumber_E263.swift in Sources */,
				A3A95D4F1C7D857F009E7DD6 /* BinaryTreePostorderTraversal_H145.swift in Sources */,
				A3A95D431C7D5737009E7DD6 /* Stack.swift in Sources */,
				A3A95CFE1C7B41A0009E7DD6 /* AppDelegate.swift in Sources */,
				A3A95D351C7C2F29009E7DD6 /* ExcelSheetColumnTitle_E168.swift in Sources */,
				A3A95D311C7BD70A009E7DD6 /* ValidAnagram_E242.swift in Sources */,
				A3A95D451C7D576F009E7DD6 /* BinaryTreeInorderTraversal_M94.swift in Sources */,
			);
			runOnlyForDeploymentPostprocessing = 0;
		};
		A3A95D0A1C7B41A0009E7DD6 /* Sources */ = {
			isa = PBXSourcesBuildPhase;
			buildActionMask = 2147483647;
			files = (
				A3A95D471C7D67FD009E7DD6 /* BinaryTreeInorderTraversal_M94_Test.swift in Sources */,
				A3A95D531C7D8A62009E7DD6 /* SameTree_E100_Test.swift in Sources */,
				A3A95D4D1C7D8553009E7DD6 /* BinaryTreePostorderTraversal_H145_Test.swift in Sources */,
				A3A95D371C7C39B3009E7DD6 /* ExcelSheetColumnTitle_E168_Test.swift in Sources */,
				A3A95D2B1C7B552F009E7DD6 /* MoveZeroes_E283_Test.swift in Sources */,
				A3A95D331C7BD781009E7DD6 /* ValidAnagram_E242_Test.swift in Sources */,
				A3A95D571C7DB4CD009E7DD6 /* CountPrimes_E204_Test.swift in Sources */,
				A3A95D2F1C7B5E67009E7DD6 /* UglyNumber_E263_Test.swift in Sources */,
				A3A95D271C7B4861009E7DD6 /* NimGame_E292_Test.swift in Sources */,
				A3A95D3F1C7D5120009E7DD6 /* BinaryTreePreorderTraversal_M144_Test.swift in Sources */,
				A3A95D131C7B41A0009E7DD6 /* LeetCodeHelper.swift in Sources */,
			);
			runOnlyForDeploymentPostprocessing = 0;
		};
/* End PBXSourcesBuildPhase section */

/* Begin PBXTargetDependency section */
		A3A95D101C7B41A0009E7DD6 /* PBXTargetDependency */ = {
			isa = PBXTargetDependency;
			target = A3A95CF91C7B41A0009E7DD6 /* LeetCode-Swift */;
			targetProxy = A3A95D0F1C7B41A0009E7DD6 /* PBXContainerItemProxy */;
		};
/* End PBXTargetDependency section */

/* Begin PBXVariantGroup section */
		A3A95D011C7B41A0009E7DD6 /* Main.storyboard */ = {
			isa = PBXVariantGroup;
			children = (
				A3A95D021C7B41A0009E7DD6 /* Base */,
			);
			name = Main.storyboard;
			sourceTree = "<group>";
		};
		A3A95D061C7B41A0009E7DD6 /* LaunchScreen.storyboard */ = {
			isa = PBXVariantGroup;
			children = (
				A3A95D071C7B41A0009E7DD6 /* Base */,
			);
			name = LaunchScreen.storyboard;
			sourceTree = "<group>";
		};
/* End PBXVariantGroup section */

/* Begin XCBuildConfiguration section */
		A3A95D151C7B41A0009E7DD6 /* Debug */ = {
			isa = XCBuildConfiguration;
			buildSettings = {
				ALWAYS_SEARCH_USER_PATHS = NO;
				CLANG_CXX_LANGUAGE_STANDARD = "gnu++0x";
				CLANG_CXX_LIBRARY = "libc++";
				CLANG_ENABLE_MODULES = YES;
				CLANG_ENABLE_OBJC_ARC = YES;
				CLANG_WARN_BOOL_CONVERSION = YES;
				CLANG_WARN_CONSTANT_CONVERSION = YES;
				CLANG_WARN_DIRECT_OBJC_ISA_USAGE = YES_ERROR;
				CLANG_WARN_EMPTY_BODY = YES;
				CLANG_WARN_ENUM_CONVERSION = YES;
				CLANG_WARN_INT_CONVERSION = YES;
				CLANG_WARN_OBJC_ROOT_CLASS = YES_ERROR;
				CLANG_WARN_UNREACHABLE_CODE = YES;
				CLANG_WARN__DUPLICATE_METHOD_MATCH = YES;
				"CODE_SIGN_IDENTITY[sdk=iphoneos*]" = "iPhone Developer";
				COPY_PHASE_STRIP = NO;
				DEBUG_INFORMATION_FORMAT = dwarf;
				ENABLE_STRICT_OBJC_MSGSEND = YES;
				ENABLE_TESTABILITY = YES;
				GCC_C_LANGUAGE_STANDARD = gnu99;
				GCC_DYNAMIC_NO_PIC = NO;
				GCC_NO_COMMON_BLOCKS = YES;
				GCC_OPTIMIZATION_LEVEL = 0;
				GCC_PREPROCESSOR_DEFINITIONS = (
					"DEBUG=1",
					"$(inherited)",
				);
				GCC_WARN_64_TO_32_BIT_CONVERSION = YES;
				GCC_WARN_ABOUT_RETURN_TYPE = YES_ERROR;
				GCC_WARN_UNDECLARED_SELECTOR = YES;
				GCC_WARN_UNINITIALIZED_AUTOS = YES_AGGRESSIVE;
				GCC_WARN_UNUSED_FUNCTION = YES;
				GCC_WARN_UNUSED_VARIABLE = YES;
				IPHONEOS_DEPLOYMENT_TARGET = 9.2;
				MTL_ENABLE_DEBUG_INFO = YES;
				ONLY_ACTIVE_ARCH = YES;
				SDKROOT = iphoneos;
				SWIFT_OPTIMIZATION_LEVEL = "-Onone";
			};
			name = Debug;
		};
		A3A95D161C7B41A0009E7DD6 /* Release */ = {
			isa = XCBuildConfiguration;
			buildSettings = {
				ALWAYS_SEARCH_USER_PATHS = NO;
				CLANG_CXX_LANGUAGE_STANDARD = "gnu++0x";
				CLANG_CXX_LIBRARY = "libc++";
				CLANG_ENABLE_MODULES = YES;
				CLANG_ENABLE_OBJC_ARC = YES;
				CLANG_WARN_BOOL_CONVERSION = YES;
				CLANG_WARN_CONSTANT_CONVERSION = YES;
				CLANG_WARN_DIRECT_OBJC_ISA_USAGE = YES_ERROR;
				CLANG_WARN_EMPTY_BODY = YES;
				CLANG_WARN_ENUM_CONVERSION = YES;
				CLANG_WARN_INT_CONVERSION = YES;
				CLANG_WARN_OBJC_ROOT_CLASS = YES_ERROR;
				CLANG_WARN_UNREACHABLE_CODE = YES;
				CLANG_WARN__DUPLICATE_METHOD_MATCH = YES;
				"CODE_SIGN_IDENTITY[sdk=iphoneos*]" = "iPhone Developer";
				COPY_PHASE_STRIP = NO;
				DEBUG_INFORMATION_FORMAT = "dwarf-with-dsym";
				ENABLE_NS_ASSERTIONS = NO;
				ENABLE_STRICT_OBJC_MSGSEND = YES;
				GCC_C_LANGUAGE_STANDARD = gnu99;
				GCC_NO_COMMON_BLOCKS = YES;
				GCC_WARN_64_TO_32_BIT_CONVERSION = YES;
				GCC_WARN_ABOUT_RETURN_TYPE = YES_ERROR;
				GCC_WARN_UNDECLARED_SELECTOR = YES;
				GCC_WARN_UNINITIALIZED_AUTOS = YES_AGGRESSIVE;
				GCC_WARN_UNUSED_FUNCTION = YES;
				GCC_WARN_UNUSED_VARIABLE = YES;
				IPHONEOS_DEPLOYMENT_TARGET = 9.2;
				MTL_ENABLE_DEBUG_INFO = NO;
				SDKROOT = iphoneos;
				VALIDATE_PRODUCT = YES;
			};
			name = Release;
		};
		A3A95D181C7B41A0009E7DD6 /* Debug */ = {
			isa = XCBuildConfiguration;
			buildSettings = {
				ASSETCATALOG_COMPILER_APPICON_NAME = AppIcon;
				INFOPLIST_FILE = "LeetCode-Swift/Info.plist";
				LD_RUNPATH_SEARCH_PATHS = "$(inherited) @executable_path/Frameworks";
				PRODUCT_BUNDLE_IDENTIFIER = "com.lincode.LeetCode-Swift";
				PRODUCT_NAME = "$(TARGET_NAME)";
			};
			name = Debug;
		};
		A3A95D191C7B41A0009E7DD6 /* Release */ = {
			isa = XCBuildConfiguration;
			buildSettings = {
				ASSETCATALOG_COMPILER_APPICON_NAME = AppIcon;
				INFOPLIST_FILE = "LeetCode-Swift/Info.plist";
				LD_RUNPATH_SEARCH_PATHS = "$(inherited) @executable_path/Frameworks";
				PRODUCT_BUNDLE_IDENTIFIER = "com.lincode.LeetCode-Swift";
				PRODUCT_NAME = "$(TARGET_NAME)";
			};
			name = Release;
		};
		A3A95D1B1C7B41A0009E7DD6 /* Debug */ = {
			isa = XCBuildConfiguration;
			buildSettings = {
				BUNDLE_LOADER = "$(TEST_HOST)";
				INFOPLIST_FILE = "LeetCode-SwiftTests/Info.plist";
				LD_RUNPATH_SEARCH_PATHS = "$(inherited) @executable_path/Frameworks @loader_path/Frameworks";
				PRODUCT_BUNDLE_IDENTIFIER = "com.lincode.LeetCode-SwiftTests";
				PRODUCT_NAME = "$(TARGET_NAME)";
				TEST_HOST = "$(BUILT_PRODUCTS_DIR)/LeetCode-Swift.app/LeetCode-Swift";
			};
			name = Debug;
		};
		A3A95D1C1C7B41A0009E7DD6 /* Release */ = {
			isa = XCBuildConfiguration;
			buildSettings = {
				BUNDLE_LOADER = "$(TEST_HOST)";
				INFOPLIST_FILE = "LeetCode-SwiftTests/Info.plist";
				LD_RUNPATH_SEARCH_PATHS = "$(inherited) @executable_path/Frameworks @loader_path/Frameworks";
				PRODUCT_BUNDLE_IDENTIFIER = "com.lincode.LeetCode-SwiftTests";
				PRODUCT_NAME = "$(TARGET_NAME)";
				TEST_HOST = "$(BUILT_PRODUCTS_DIR)/LeetCode-Swift.app/LeetCode-Swift";
			};
			name = Release;
		};
/* End XCBuildConfiguration section */

/* Begin XCConfigurationList section */
		A3A95CF51C7B419F009E7DD6 /* Build configuration list for PBXProject "LeetCode-Swift" */ = {
			isa = XCConfigurationList;
			buildConfigurations = (
				A3A95D151C7B41A0009E7DD6 /* Debug */,
				A3A95D161C7B41A0009E7DD6 /* Release */,
			);
			defaultConfigurationIsVisible = 0;
			defaultConfigurationName = Release;
		};
		A3A95D171C7B41A0009E7DD6 /* Build configuration list for PBXNativeTarget "LeetCode-Swift" */ = {
			isa = XCConfigurationList;
			buildConfigurations = (
				A3A95D181C7B41A0009E7DD6 /* Debug */,
				A3A95D191C7B41A0009E7DD6 /* Release */,
			);
			defaultConfigurationIsVisible = 0;
			defaultConfigurationName = Release;
		};
		A3A95D1A1C7B41A0009E7DD6 /* Build configuration list for PBXNativeTarget "LeetCode-SwiftTests" */ = {
			isa = XCConfigurationList;
			buildConfigurations = (
				A3A95D1B1C7B41A0009E7DD6 /* Debug */,
				A3A95D1C1C7B41A0009E7DD6 /* Release */,
			);
			defaultConfigurationIsVisible = 0;
			defaultConfigurationName = Release;
		};
/* End XCConfigurationList section */
	};
	rootObject = A3A95CF21C7B419F009E7DD6 /* Project object */;
}
